
Microsoft Visual Studio Solution File, Format Version 12.00
# Visual Studio 15
Project("{FAE04EC0-301F-11D3-BF4B-00C04F79EFBC}") = "Unity.Timeline", "Unity.Timeline.csproj", "{EF05DE73-DB6E-FA73-3995-0D8F3C5116EF}"
EndProject
Project("{FAE04EC0-301F-11D3-BF4B-00C04F79EFBC}") = "Unity.Timeline.Editor", "Unity.Timeline.Editor.csproj", "{367A6ACC-A7BA-39BF-1446-9AE4D034692D}"
EndProject
Project("{FAE04EC0-301F-11D3-BF4B-00C04F79EFBC}") = "Unity.TextMeshPro.Editor", "Unity.TextMeshPro.Editor.csproj", "{F4F93058-FF81-B318-7ACC-9FDC89D4C1D3}"
EndProject
Project("{FAE04EC0-301F-11D3-BF4B-00C04F79EFBC}") = "Unity.VisualScripting.Flow", "Unity.VisualScripting.Flow.csproj", "{A443F177-9153-82AB-5C5C-12C67461AA91}"
EndProject
Project("{FAE04EC0-301F-11D3-BF4B-00C04F79EFBC}") = "UnityEditor.UI", "UnityEditor.UI.csproj", "{7919B1BF-16C8-DEF6-22B8-E7FDE476F57F}"
EndProject
Project("{FAE04EC0-301F-11D3-BF4B-00C04F79EFBC}") = "Unity.PlasticSCM.Editor", "Unity.PlasticSCM.Editor.csproj", "{57BA4C3A-FE74-2FB5-AB55-F05B00C9278D}"
EndProject
Project("{FAE04EC0-301F-11D3-BF4B-00C04F79EFBC}") = "Unity.VisualScripting.Core", "Unity.VisualScripting.Core.csproj", "{BC94AB9C-49E3-F19C-6F8A-61F5A04A075A}"
EndProject
Project("{FAE04EC0-301F-11D3-BF4B-00C04F79EFBC}") = "Unity.VisualScripting.Core.Editor", "Unity.VisualScripting.Core.Editor.csproj", "{C5B37D46-573E-1CC2-6F72-34A0CBB7D34D}"
EndProject
Project("{FAE04EC0-301F-11D3-BF4B-00C04F79EFBC}") = "Unity.VisualScripting.Flow.Editor", "Unity.VisualScripting.Flow.Editor.csproj", "{66AC7461-93C9-C88D-5DF4-161491708995}"
EndProject
Project("{FAE04EC0-301F-11D3-BF4B-00C04F79EFBC}") = "UnityEditor.TestRunner", "UnityEditor.TestRunner.csproj", "{D8788322-C594-0029-3A8B-1DE7E9103724}"
EndProject
Project("{FAE04EC0-301F-11D3-BF4B-00C04F79EFBC}") = "Unity.VisualScripting.SettingsProvider.Editor", "Unity.VisualScripting.SettingsProvider.Editor.csproj", "{68DF8DE0-BCC6-2F8A-7772-01E6958B199F}"
EndProject
Project("{FAE04EC0-301F-11D3-BF4B-00C04F79EFBC}") = "UnityEngine.TestRunner", "UnityEngine.TestRunner.csproj", "{BABC5185-61CC-191D-5D9B-BEE3C30915A1}"
EndProject
Project("{FAE04EC0-301F-11D3-BF4B-00C04F79EFBC}") = "UnityEngine.UI", "UnityEngine.UI.csproj", "{4256A3A5-6FE4-2F3C-6460-09D12FADA87E}"
EndProject
Project("{FAE04EC0-301F-11D3-BF4B-00C04F79EFBC}") = "Unity.VisualStudio.Editor", "Unity.VisualStudio.Editor.csproj", "{CFE54A00-B3E9-4CBF-EB45-E75208CD727B}"
EndProject
Project("{FAE04EC0-301F-11D3-BF4B-00C04F79EFBC}") = "Unity.TestTools.CodeCoverage.Editor.OpenCover.Model", "Unity.TestTools.CodeCoverage.Editor.OpenCover.Model.csproj", "{C499382B-13E8-FBCA-82B4-D2107CFB12A7}"
EndProject
Project("{FAE04EC0-301F-11D3-BF4B-00C04F79EFBC}") = "Unity.Rider.Editor", "Unity.Rider.Editor.csproj", "{3F2D1D6B-1F1D-5661-9A69-1CA77DBA04C0}"
EndProject
Project("{FAE04EC0-301F-11D3-BF4B-00C04F79EFBC}") = "Unity.VisualScripting.State.Editor", "Unity.VisualScripting.State.Editor.csproj", "{5F5FDD35-F7DF-9891-D705-37B958F78844}"
EndProject
Project("{FAE04EC0-301F-11D3-BF4B-00C04F79EFBC}") = "Unity.TestTools.CodeCoverage.Editor", "Unity.TestTools.CodeCoverage.Editor.csproj", "{D357B60A-4B6F-9C59-F19E-3487885170D6}"
EndProject
Project("{FAE04EC0-301F-11D3-BF4B-00C04F79EFBC}") = "Unity.VisualScripting.State", "Unity.VisualScripting.State.csproj", "{99A9334F-4FCD-75A1-98C3-5C71EE60A11F}"
EndProject
Project("{FAE04EC0-301F-11D3-BF4B-00C04F79EFBC}") = "Unity.TextMeshPro", "Unity.TextMeshPro.csproj", "{E1EA98A5-C250-9518-0F9B-7422591C2C90}"
EndProject
Project("{FAE04EC0-301F-11D3-BF4B-00C04F79EFBC}") = "Unity.Performance.Profile-Analyzer.Editor", "Unity.Performance.Profile-Analyzer.Editor.csproj", "{EE55A740-19CE-B120-B172-625ACDB25ED1}"
EndProject
Project("{FAE04EC0-301F-11D3-BF4B-00C04F79EFBC}") = "Unity.VSCode.Editor", "Unity.VSCode.Editor.csproj", "{E355AFB1-97DB-3FD8-6968-5EF4F1EEB107}"
EndProject
Project("{FAE04EC0-301F-11D3-BF4B-00C04F79EFBC}") = "Unity.TestTools.CodeCoverage.Editor.OpenCover.Mono.Reflection", "Unity.TestTools.CodeCoverage.Editor.OpenCover.Mono.Reflection.csproj", "{1679C680-BAD0-E810-AA8C-3C3FF2BB1113}"
EndProject
Project("{FAE04EC0-301F-11D3-BF4B-00C04F79EFBC}") = "Assembly-CSharp", "Assembly-CSharp.csproj", "{6CEB9E9A-F612-0C14-97B5-2D127AB426FD}"
EndProject
Project("{FAE04EC0-301F-11D3-BF4B-00C04F79EFBC}") = "Unity.Settings.Editor", "Unity.Settings.Editor.csproj", "{29456F9F-7FC4-7E32-899C-92CB72A10960}"
EndProject
Project("{FAE04EC0-301F-11D3-BF4B-00C04F79EFBC}") = "Unity.EditorCoroutines.Editor", "Unity.EditorCoroutines.Editor.csproj", "{A02AED67-BB40-18F1-3952-FF6B470E7792}"
EndProject
Project("{FAE04EC0-301F-11D3-BF4B-00C04F79EFBC}") = "Unity.VisualScripting.Shared.Editor", "Unity.VisualScripting.Shared.Editor.csproj", "{15EB35FC-C493-B38B-E3FD-6516D72121E8}"
EndProject
Project("{FAE04EC0-301F-11D3-BF4B-00C04F79EFBC}") = "Unity.CollabProxy.Editor", "Unity.CollabProxy.Editor.csproj", "{FB55A8B5-A9AE-906F-630A-89F031391C8E}"
EndProject
Project("{FAE04EC0-301F-11D3-BF4B-00C04F79EFBC}") = "Unity.Timeline", "Unity.Timeline.Player.csproj", "{61CEE0E3-BD09-AA8F-4645-A19B7CB482DF}"
EndProject
Project("{FAE04EC0-301F-11D3-BF4B-00C04F79EFBC}") = "Unity.VisualScripting.Flow", "Unity.VisualScripting.Flow.Player.csproj", "{B266E7CC-A896-0662-60B7-54B2E1AC647B}"
EndProject
Project("{FAE04EC0-301F-11D3-BF4B-00C04F79EFBC}") = "Unity.VisualScripting.Core", "Unity.VisualScripting.Core.Player.csproj", "{0AC4757D-851D-F1AC-83D1-3F1D249A8B9E}"
EndProject
Project("{FAE04EC0-301F-11D3-BF4B-00C04F79EFBC}") = "UnityEngine.TestRunner", "UnityEngine.TestRunner.Player.csproj", "{5A038DDC-9F46-5AA7-CF14-571F9D6DBD83}"
EndProject
Project("{FAE04EC0-301F-11D3-BF4B-00C04F79EFBC}") = "UnityEngine.UI", "UnityEngine.UI.Player.csproj", "{1A1E9641-3766-300F-CA25-3F5C87D52A68}"
EndProject
Project("{FAE04EC0-301F-11D3-BF4B-00C04F79EFBC}") = "Unity.VisualScripting.State", "Unity.VisualScripting.State.Player.csproj", "{F255FCE2-7E94-20BA-2636-C502B53983EB}"
EndProject
Project("{FAE04EC0-301F-11D3-BF4B-00C04F79EFBC}") = "Unity.TextMeshPro", "Unity.TextMeshPro.Player.csproj", "{40B5F73F-EB41-50A3-AD92-EF79A7DFC2BD}"
EndProject
Project("{FAE04EC0-301F-11D3-BF4B-00C04F79EFBC}") = "Assembly-CSharp", "Assembly-CSharp.Player.csproj", "{4A2577D3-B19B-5A98-E75C-D797AB536108}"
EndProject
Global
	GlobalSection(SolutionConfigurationPlatforms) = preSolution
		Debug|Any CPU = Debug|Any CPU
		Release|Any CPU = Release|Any CPU
	EndGlobalSection
	GlobalSection(ProjectConfigurationPlatforms) = postSolution
		{EF05DE73-DB6E-FA73-3995-0D8F3C5116EF}.Debug|Any CPU.ActiveCfg = Debug|Any CPU
		{EF05DE73-DB6E-FA73-3995-0D8F3C5116EF}.Debug|Any CPU.Build.0 = Debug|Any CPU
		{EF05DE73-DB6E-FA73-3995-0D8F3C5116EF}.Release|Any CPU.ActiveCfg = Release|Any CPU
		{EF05DE73-DB6E-FA73-3995-0D8F3C5116EF}.Release|Any CPU.Build.0 = Release|Any CPU
		{367A6ACC-A7BA-39BF-1446-9AE4D034692D}.Debug|Any CPU.ActiveCfg = Debug|Any CPU
		{367A6ACC-A7BA-39BF-1446-9AE4D034692D}.Debug|Any CPU.Build.0 = Debug|Any CPU
		{367A6ACC-A7BA-39BF-1446-9AE4D034692D}.Release|Any CPU.ActiveCfg = Release|Any CPU
		{367A6ACC-A7BA-39BF-1446-9AE4D034692D}.Release|Any CPU.Build.0 = Release|Any CPU
		{F4F93058-FF81-B318-7ACC-9FDC89D4C1D3}.Debug|Any CPU.ActiveCfg = Debug|Any CPU
		{F4F93058-FF81-B318-7ACC-9FDC89D4C1D3}.Debug|Any CPU.Build.0 = Debug|Any CPU
		{F4F93058-FF81-B318-7ACC-9FDC89D4C1D3}.Release|Any CPU.ActiveCfg = Release|Any CPU
		{F4F93058-FF81-B318-7ACC-9FDC89D4C1D3}.Release|Any CPU.Build.0 = Release|Any CPU
		{A443F177-9153-82AB-5C5C-12C67461AA91}.Debug|Any CPU.ActiveCfg = Debug|Any CPU
		{A443F177-9153-82AB-5C5C-12C67461AA91}.Debug|Any CPU.Build.0 = Debug|Any CPU
		{A443F177-9153-82AB-5C5C-12C67461AA91}.Release|Any CPU.ActiveCfg = Release|Any CPU
		{A443F177-9153-82AB-5C5C-12C67461AA91}.Release|Any CPU.Build.0 = Release|Any CPU
		{7919B1BF-16C8-DEF6-22B8-E7FDE476F57F}.Debug|Any CPU.ActiveCfg = Debug|Any CPU
		{7919B1BF-16C8-DEF6-22B8-E7FDE476F57F}.Debug|Any CPU.Build.0 = Debug|Any CPU
		{7919B1BF-16C8-DEF6-22B8-E7FDE476F57F}.Release|Any CPU.ActiveCfg = Release|Any CPU
		{7919B1BF-16C8-DEF6-22B8-E7FDE476F57F}.Release|Any CPU.Build.0 = Release|Any CPU
		{57BA4C3A-FE74-2FB5-AB55-F05B00C9278D}.Debug|Any CPU.ActiveCfg = Debug|Any CPU
		{57BA4C3A-FE74-2FB5-AB55-F05B00C9278D}.Debug|Any CPU.Build.0 = Debug|Any CPU
		{57BA4C3A-FE74-2FB5-AB55-F05B00C9278D}.Release|Any CPU.ActiveCfg = Release|Any CPU
		{57BA4C3A-FE74-2FB5-AB55-F05B00C9278D}.Release|Any CPU.Build.0 = Release|Any CPU
		{BC94AB9C-49E3-F19C-6F8A-61F5A04A075A}.Debug|Any CPU.ActiveCfg = Debug|Any CPU
		{BC94AB9C-49E3-F19C-6F8A-61F5A04A075A}.Debug|Any CPU.Build.0 = Debug|Any CPU
		{BC94AB9C-49E3-F19C-6F8A-61F5A04A075A}.Release|Any CPU.ActiveCfg = Release|Any CPU
		{BC94AB9C-49E3-F19C-6F8A-61F5A04A075A}.Release|Any CPU.Build.0 = Release|Any CPU
		{C5B37D46-573E-1CC2-6F72-34A0CBB7D34D}.Debug|Any CPU.ActiveCfg = Debug|Any CPU
		{C5B37D46-573E-1CC2-6F72-34A0CBB7D34D}.Debug|Any CPU.Build.0 = Debug|Any CPU
		{C5B37D46-573E-1CC2-6F72-34A0CBB7D34D}.Release|Any CPU.ActiveCfg = Release|Any CPU
		{C5B37D46-573E-1CC2-6F72-34A0CBB7D34D}.Release|Any CPU.Build.0 = Release|Any CPU
		{66AC7461-93C9-C88D-5DF4-161491708995}.Debug|Any CPU.ActiveCfg = Debug|Any CPU
		{66AC7461-93C9-C88D-5DF4-161491708995}.Debug|Any CPU.Build.0 = Debug|Any CPU
		{66AC7461-93C9-C88D-5DF4-161491708995}.Release|Any CPU.ActiveCfg = Release|Any CPU
		{66AC7461-93C9-C88D-5DF4-161491708995}.Release|Any CPU.Build.0 = Release|Any CPU
		{D8788322-C594-0029-3A8B-1DE7E9103724}.Debug|Any CPU.ActiveCfg = Debug|Any CPU
		{D8788322-C594-0029-3A8B-1DE7E9103724}.Debug|Any CPU.Build.0 = Debug|Any CPU
		{D8788322-C594-0029-3A8B-1DE7E9103724}.Release|Any CPU.ActiveCfg = Release|Any CPU
		{D8788322-C594-0029-3A8B-1DE7E9103724}.Release|Any CPU.Build.0 = Release|Any CPU
		{68DF8DE0-BCC6-2F8A-7772-01E6958B199F}.Debug|Any CPU.ActiveCfg = Debug|Any CPU
		{68DF8DE0-BCC6-2F8A-7772-01E6958B199F}.Debug|Any CPU.Build.0 = Debug|Any CPU
		{68DF8DE0-BCC6-2F8A-7772-01E6958B199F}.Release|Any CPU.ActiveCfg = Release|Any CPU
		{68DF8DE0-BCC6-2F8A-7772-01E6958B199F}.Release|Any CPU.Build.0 = Release|Any CPU
		{BABC5185-61CC-191D-5D9B-BEE3C30915A1}.Debug|Any CPU.ActiveCfg = Debug|Any CPU
		{BABC5185-61CC-191D-5D9B-BEE3C30915A1}.Debug|Any CPU.Build.0 = Debug|Any CPU
		{BABC5185-61CC-191D-5D9B-BEE3C30915A1}.Release|Any CPU.ActiveCfg = Release|Any CPU
		{BABC5185-61CC-191D-5D9B-BEE3C30915A1}.Release|Any CPU.Build.0 = Release|Any CPU
		{4256A3A5-6FE4-2F3C-6460-09D12FADA87E}.Debug|Any CPU.ActiveCfg = Debug|Any CPU
		{4256A3A5-6FE4-2F3C-6460-09D12FADA87E}.Debug|Any CPU.Build.0 = Debug|Any CPU
		{4256A3A5-6FE4-2F3C-6460-09D12FADA87E}.Release|Any CPU.ActiveCfg = Release|Any CPU
		{4256A3A5-6FE4-2F3C-6460-09D12FADA87E}.Release|Any CPU.Build.0 = Release|Any CPU
		{CFE54A00-B3E9-4CBF-EB45-E75208CD727B}.Debug|Any CPU.ActiveCfg = Debug|Any CPU
		{CFE54A00-B3E9-4CBF-EB45-E75208CD727B}.Debug|Any CPU.Build.0 = Debug|Any CPU
		{CFE54A00-B3E9-4CBF-EB45-E75208CD727B}.Release|Any CPU.ActiveCfg = Release|Any CPU
		{CFE54A00-B3E9-4CBF-EB45-E75208CD727B}.Release|Any CPU.Build.0 = Release|Any CPU
		{C499382B-13E8-FBCA-82B4-D2107CFB12A7}.Debug|Any CPU.ActiveCfg = Debug|Any CPU
		{C499382B-13E8-FBCA-82B4-D2107CFB12A7}.Debug|Any CPU.Build.0 = Debug|Any CPU
		{C499382B-13E8-FBCA-82B4-D2107CFB12A7}.Release|Any CPU.ActiveCfg = Release|Any CPU
		{C499382B-13E8-FBCA-82B4-D2107CFB12A7}.Release|Any CPU.Build.0 = Release|Any CPU
		{3F2D1D6B-1F1D-5661-9A69-1CA77DBA04C0}.Debug|Any CPU.ActiveCfg = Debug|Any CPU
		{3F2D1D6B-1F1D-5661-9A69-1CA77DBA04C0}.Debug|Any CPU.Build.0 = Debug|Any CPU
		{3F2D1D6B-1F1D-5661-9A69-1CA77DBA04C0}.Release|Any CPU.ActiveCfg = Release|Any CPU
		{3F2D1D6B-1F1D-5661-9A69-1CA77DBA04C0}.Release|Any CPU.Build.0 = Release|Any CPU
		{5F5FDD35-F7DF-9891-D705-37B958F78844}.Debug|Any CPU.ActiveCfg = Debug|Any CPU
		{5F5FDD35-F7DF-9891-D705-37B958F78844}.Debug|Any CPU.Build.0 = Debug|Any CPU
		{5F5FDD35-F7DF-9891-D705-37B958F78844}.Release|Any CPU.ActiveCfg = Release|Any CPU
		{5F5FDD35-F7DF-9891-D705-37B958F78844}.Release|Any CPU.Build.0 = Release|Any CPU
		{D357B60A-4B6F-9C59-F19E-3487885170D6}.Debug|Any CPU.ActiveCfg = Debug|Any CPU
		{D357B60A-4B6F-9C59-F19E-3487885170D6}.Debug|Any CPU.Build.0 = Debug|Any CPU
		{D357B60A-4B6F-9C59-F19E-3487885170D6}.Release|Any CPU.ActiveCfg = Release|Any CPU
		{D357B60A-4B6F-9C59-F19E-3487885170D6}.Release|Any CPU.Build.0 = Release|Any CPU
		{99A9334F-4FCD-75A1-98C3-5C71EE60A11F}.Debug|Any CPU.ActiveCfg = Debug|Any CPU
		{99A9334F-4FCD-75A1-98C3-5C71EE60A11F}.Debug|Any CPU.Build.0 = Debug|Any CPU
		{99A9334F-4FCD-75A1-98C3-5C71EE60A11F}.Release|Any CPU.ActiveCfg = Release|Any CPU
		{99A9334F-4FCD-75A1-98C3-5C71EE60A11F}.Release|Any CPU.Build.0 = Release|Any CPU
		{E1EA98A5-C250-9518-0F9B-7422591C2C90}.Debug|Any CPU.ActiveCfg = Debug|Any CPU
		{E1EA98A5-C250-9518-0F9B-7422591C2C90}.Debug|Any CPU.Build.0 = Debug|Any CPU
		{E1EA98A5-C250-9518-0F9B-7422591C2C90}.Release|Any CPU.ActiveCfg = Release|Any CPU
		{E1EA98A5-C250-9518-0F9B-7422591C2C90}.Release|Any CPU.Build.0 = Release|Any CPU
		{EE55A740-19CE-B120-B172-625ACDB25ED1}.Debug|Any CPU.ActiveCfg = Debug|Any CPU
		{EE55A740-19CE-B120-B172-625ACDB25ED1}.Debug|Any CPU.Build.0 = Debug|Any CPU
		{EE55A740-19CE-B120-B172-625ACDB25ED1}.Release|Any CPU.ActiveCfg = Release|Any CPU
		{EE55A740-19CE-B120-B172-625ACDB25ED1}.Release|Any CPU.Build.0 = Release|Any CPU
		{E355AFB1-97DB-3FD8-6968-5EF4F1EEB107}.Debug|Any CPU.ActiveCfg = Debug|Any CPU
		{E355AFB1-97DB-3FD8-6968-5EF4F1EEB107}.Debug|Any CPU.Build.0 = Debug|Any CPU
		{E355AFB1-97DB-3FD8-6968-5EF4F1EEB107}.Release|Any CPU.ActiveCfg = Release|Any CPU
		{E355AFB1-97DB-3FD8-6968-5EF4F1EEB107}.Release|Any CPU.Build.0 = Release|Any CPU
		{1679C680-BAD0-E810-AA8C-3C3FF2BB1113}.Debug|Any CPU.ActiveCfg = Debug|Any CPU
		{1679C680-BAD0-E810-AA8C-3C3FF2BB1113}.Debug|Any CPU.Build.0 = Debug|Any CPU
		{1679C680-BAD0-E810-AA8C-3C3FF2BB1113}.Release|Any CPU.ActiveCfg = Release|Any CPU
		{1679C680-BAD0-E810-AA8C-3C3FF2BB1113}.Release|Any CPU.Build.0 = Release|Any CPU
		{6CEB9E9A-F612-0C14-97B5-2D127AB426FD}.Debug|Any CPU.ActiveCfg = Debug|Any CPU
		{6CEB9E9A-F612-0C14-97B5-2D127AB426FD}.Debug|Any CPU.Build.0 = Debug|Any CPU
		{6CEB9E9A-F612-0C14-97B5-2D127AB426FD}.Release|Any CPU.ActiveCfg = Release|Any CPU
		{6CEB9E9A-F612-0C14-97B5-2D127AB426FD}.Release|Any CPU.Build.0 = Release|Any CPU
		{29456F9F-7FC4-7E32-899C-92CB72A10960}.Debug|Any CPU.ActiveCfg = Debug|Any CPU
		{29456F9F-7FC4-7E32-899C-92CB72A10960}.Debug|Any CPU.Build.0 = Debug|Any CPU
		{29456F9F-7FC4-7E32-899C-92CB72A10960}.Release|Any CPU.ActiveCfg = Release|Any CPU
		{29456F9F-7FC4-7E32-899C-92CB72A10960}.Release|Any CPU.Build.0 = Release|Any CPU
		{A02AED67-BB40-18F1-3952-FF6B470E7792}.Debug|Any CPU.ActiveCfg = Debug|Any CPU
		{A02AED67-BB40-18F1-3952-FF6B470E7792}.Debug|Any CPU.Build.0 = Debug|Any CPU
		{A02AED67-BB40-18F1-3952-FF6B470E7792}.Release|Any CPU.ActiveCfg = Release|Any CPU
		{A02AED67-BB40-18F1-3952-FF6B470E7792}.Release|Any CPU.Build.0 = Release|Any CPU
		{15EB35FC-C493-B38B-E3FD-6516D72121E8}.Debug|Any CPU.ActiveCfg = Debug|Any CPU
		{15EB35FC-C493-B38B-E3FD-6516D72121E8}.Debug|Any CPU.Build.0 = Debug|Any CPU
		{15EB35FC-C493-B38B-E3FD-6516D72121E8}.Release|Any CPU.ActiveCfg = Release|Any CPU
		{15EB35FC-C493-B38B-E3FD-6516D72121E8}.Release|Any CPU.Build.0 = Release|Any CPU
		{FB55A8B5-A9AE-906F-630A-89F031391C8E}.Debug|Any CPU.ActiveCfg = Debug|Any CPU
		{FB55A8B5-A9AE-906F-630A-89F031391C8E}.Debug|Any CPU.Build.0 = Debug|Any CPU
		{FB55A8B5-A9AE-906F-630A-89F031391C8E}.Release|Any CPU.ActiveCfg = Release|Any CPU
		{FB55A8B5-A9AE-906F-630A-89F031391C8E}.Release|Any CPU.Build.0 = Release|Any CPU
		{61CEE0E3-BD09-AA8F-4645-A19B7CB482DF}.Debug|Any CPU.ActiveCfg = Debug|Any CPU
		{61CEE0E3-BD09-AA8F-4645-A19B7CB482DF}.Debug|Any CPU.Build.0 = Debug|Any CPU
		{61CEE0E3-BD09-AA8F-4645-A19B7CB482DF}.Release|Any CPU.ActiveCfg = Release|Any CPU
		{61CEE0E3-BD09-AA8F-4645-A19B7CB482DF}.Release|Any CPU.Build.0 = Release|Any CPU
		{B266E7CC-A896-0662-60B7-54B2E1AC647B}.Debug|Any CPU.ActiveCfg = Debug|Any CPU
		{B266E7CC-A896-0662-60B7-54B2E1AC647B}.Debug|Any CPU.Build.0 = Debug|Any CPU
		{B266E7CC-A896-0662-60B7-54B2E1AC647B}.Release|Any CPU.ActiveCfg = Release|Any CPU
		{B266E7CC-A896-0662-60B7-54B2E1AC647B}.Release|Any CPU.Build.0 = Release|Any CPU
		{0AC4757D-851D-F1AC-83D1-3F1D249A8B9E}.Debug|Any CPU.ActiveCfg = Debug|Any CPU
		{0AC4757D-851D-F1AC-83D1-3F1D249A8B9E}.Debug|Any CPU.Build.0 = Debug|Any CPU
		{0AC4757D-851D-F1AC-83D1-3F1D249A8B9E}.Release|Any CPU.ActiveCfg = Release|Any CPU
		{0AC4757D-851D-F1AC-83D1-3F1D249A8B9E}.Release|Any CPU.Build.0 = Release|Any CPU
		{5A038DDC-9F46-5AA7-CF14-571F9D6DBD83}.Debug|Any CPU.ActiveCfg = Debug|Any CPU
		{5A038DDC-9F46-5AA7-CF14-571F9D6DBD83}.Debug|Any CPU.Build.0 = Debug|Any CPU
		{5A038DDC-9F46-5AA7-CF14-571F9D6DBD83}.Release|Any CPU.ActiveCfg = Release|Any CPU
		{5A038DDC-9F46-5AA7-CF14-571F9D6DBD83}.Release|Any CPU.Build.0 = Release|Any CPU
		{1A1E9641-3766-300F-CA25-3F5C87D52A68}.Debug|Any CPU.ActiveCfg = Debug|Any CPU
		{1A1E9641-3766-300F-CA25-3F5C87D52A68}.Debug|Any CPU.Build.0 = Debug|Any CPU
		{1A1E9641-3766-300F-CA25-3F5C87D52A68}.Release|Any CPU.ActiveCfg = Release|Any CPU
		{1A1E9641-3766-300F-CA25-3F5C87D52A68}.Release|Any CPU.Build.0 = Release|Any CPU
		{F255FCE2-7E94-20BA-2636-C502B53983EB}.Debug|Any CPU.ActiveCfg = Debug|Any CPU
		{F255FCE2-7E94-20BA-2636-C502B53983EB}.Debug|Any CPU.Build.0 = Debug|Any CPU
		{F255FCE2-7E94-20BA-2636-C502B53983EB}.Release|Any CPU.ActiveCfg = Release|Any CPU
		{F255FCE2-7E94-20BA-2636-C502B53983EB}.Release|Any CPU.Build.0 = Release|Any CPU
		{40B5F73F-EB41-50A3-AD92-EF79A7DFC2BD}.Debug|Any CPU.ActiveCfg = Debug|Any CPU
		{40B5F73F-EB41-50A3-AD92-EF79A7DFC2BD}.Debug|Any CPU.Build.0 = Debug|Any CPU
		{40B5F73F-EB41-50A3-AD92-EF79A7DFC2BD}.Release|Any CPU.ActiveCfg = Release|Any CPU
		{40B5F73F-EB41-50A3-AD92-EF79A7DFC2BD}.Release|Any CPU.Build.0 = Release|Any CPU
		{4A2577D3-B19B-5A98-E75C-D797AB536108}.Debug|Any CPU.ActiveCfg = Debug|Any CPU
		{4A2577D3-B19B-5A98-E75C-D797AB536108}.Debug|Any CPU.Build.0 = Debug|Any CPU
		{4A2577D3-B19B-5A98-E75C-D797AB536108}.Release|Any CPU.ActiveCfg = Release|Any CPU
		{4A2577D3-B19B-5A98-E75C-D797AB536108}.Release|Any CPU.Build.0 = Release|Any CPU
	EndGlobalSection
	GlobalSection(SolutionProperties) = preSolution
		HideSolutionNode = FALSE
	EndGlobalSection
EndGlobal
